// !$*UTF8*$!
{
	archiveVersion = 1;
	classes = {
	};
	objectVersion = 48;
	objects = {

/* Begin PBXGroup section */
		07F00ED81F8A96D9006FAC96 = {
			isa = PBXGroup;
			children = (
			);
			sourceTree = "<group>";
		};
/* End PBXGroup section */

/* Begin PBXProject section */
		07F00ED91F8A96D9006FAC96 /* Project object */ = {
			isa = PBXProject;
			attributes = {
				LastUpgradeCheck = 0900;
			};
			buildConfigurationList = 07F00EDC1F8A96D9006FAC96 /* Build configuration list for PBXProject "VSAlertController" */;
			compatibilityVersion = "Xcode 8.0";
			developmentRegion = en;
			hasScannedForEncodings = 0;
			knownRegions = (
				en,
			);
			mainGroup = 07F00ED81F8A96D9006FAC96;
			projectDirPath = "";
			projectRoot = "";
			targets = (
			);
		};
/* End PBXProject section */

/* Begin XCBuildConfiguration section */
		07F00EDD1F8A96D9006FAC96 /* Debug */ = {
			isa = XCBuildConfiguration;
			buildSettings = {
			};
			name = Debug;
		};
		07F00EDE1F8A96D9006FAC96 /* Release */ = {
			isa = XCBuildConfiguration;
			buildSettings = {
			};
			name = Release;
		};
/* End XCBuildConfiguration section */

/* Begin XCConfigurationList section */
		07F00EDC1F8A96D9006FAC96 /* Build configuration list for PBXProject "VSAlertController" */ = {
			isa = XCConfigurationList;
			buildConfigurations = (
				07F00EDD1F8A96D9006FAC96 /* Debug */,
				07F00EDE1F8A96D9006FAC96 /* Release */,
			);
			defaultConfigurationIsVisible = 0;
			defaultConfigurationName = Release;
		};
/* End XCConfigurationList section */
	};
	rootObject = 07F00ED91F8A96D9006FAC96 /* Project object */;
}
