// !$*UTF8*$!
{
	archiveVersion = 1;
	classes = {
	};
	objectVersion = 48;
	objects = {

/* Begin PBXAggregateTarget section */
		0710F9B61F8B1CB800C6D084 /* Framework */ = {
			isa = PBXAggregateTarget;
			buildConfigurationList = 0710F9B71F8B1CB800C6D084 /* Build configuration list for PBXAggregateTarget "Framework" */;
			buildPhases = (
				0710F9BE1F8B1CE800C6D084 /* Bind Slices */,
			);
			dependencies = (
				0710F9BD1F8B1CE500C6D084 /* PBXTargetDependency */,
			);
			name = Framework;
			productName = Framework;
		};
		07FBE3F220D31BD500BE857B /* Documentation */ = {
			isa = PBXAggregateTarget;
			buildConfigurationList = 07FBE3F320D31BD500BE857B /* Build configuration list for PBXAggregateTarget "Documentation" */;
			buildPhases = (
				07FBE3F620D31BD900BE857B /* Build Documentation w/ Jazzy */,
			);
			dependencies = (
			);
			name = Documentation;
			productName = Documentation;
		};
/* End PBXAggregateTarget section */

/* Begin PBXBuildFile section */
		0710F9C61F8B1E1A00C6D084 /* VSAlert.h in CopyFiles */ = {isa = PBXBuildFile; fileRef = 0710F9C11F8B1E0F00C6D084 /* VSAlert.h */; };
		0710F9C71F8B1E2000C6D084 /* VSAlertAction.h in Headers */ = {isa = PBXBuildFile; fileRef = 0710F9C41F8B1E1000C6D084 /* VSAlertAction.h */; settings = {ATTRIBUTES = (Public, ); }; };
		0710F9C81F8B1E2200C6D084 /* VSAlertController.h in Headers */ = {isa = PBXBuildFile; fileRef = 0710F9C31F8B1E1000C6D084 /* VSAlertController.h */; settings = {ATTRIBUTES = (Public, ); }; };
		0710F9C91F8B1E3500C6D084 /* VSAlertAction.m in Sources */ = {isa = PBXBuildFile; fileRef = 0710F9C21F8B1E1000C6D084 /* VSAlertAction.m */; };
		0710F9CA1F8B1E3700C6D084 /* VSAlertController.m in Sources */ = {isa = PBXBuildFile; fileRef = 0710F9C51F8B1E1000C6D084 /* VSAlertController.m */; };
		0710F9D41F8BCDBE00C6D084 /* CoreGraphics.framework in Frameworks */ = {isa = PBXBuildFile; fileRef = 0710F9D21F8BCDB700C6D084 /* CoreGraphics.framework */; };
		078C277C207D246800DF9D0C /* VSAlertTests.m in Sources */ = {isa = PBXBuildFile; fileRef = 078C277B207D246800DF9D0C /* VSAlertTests.m */; };
		078C277E207D246800DF9D0C /* libVSAlert.a in Frameworks */ = {isa = PBXBuildFile; fileRef = 07F00EFF1F8A972D006FAC96 /* libVSAlert.a */; };
		07FF9E171F8FEF8C002966A3 /* AlertExample.m in Sources */ = {isa = PBXBuildFile; fileRef = 07FF9E111F8FEF03002966A3 /* AlertExample.m */; };
		07FF9E181F8FEF8E002966A3 /* AlertExampleSettingsViewController.m in Sources */ = {isa = PBXBuildFile; fileRef = 07FF9E0F1F8FEF03002966A3 /* AlertExampleSettingsViewController.m */; };
		07FF9E191F8FEF92002966A3 /* AlertExampleViewController.m in Sources */ = {isa = PBXBuildFile; fileRef = 07FF9E0E1F8FEF03002966A3 /* AlertExampleViewController.m */; };
		07FF9E1A1F8FEF98002966A3 /* main.m in Sources */ = {isa = PBXBuildFile; fileRef = 07FF9E0B1F8FEEEB002966A3 /* main.m */; };
		07FF9E1B1F8FEF9B002966A3 /* AppDelegate.m in Sources */ = {isa = PBXBuildFile; fileRef = 07FF9E0A1F8FEEE3002966A3 /* AppDelegate.m */; };
		07FF9E201F8FEFDE002966A3 /* Foundation.framework in Frameworks */ = {isa = PBXBuildFile; fileRef = 07A7C4051F8D655100A71580 /* Foundation.framework */; };
		07FF9E211F8FEFE2002966A3 /* UIKit.framework in Frameworks */ = {isa = PBXBuildFile; fileRef = 07A7C4071F8D655700A71580 /* UIKit.framework */; };
		07FF9E221F8FEFE8002966A3 /* CoreGraphics.framework in Frameworks */ = {isa = PBXBuildFile; fileRef = 0710F9D21F8BCDB700C6D084 /* CoreGraphics.framework */; };
		07FF9E4D1F8FF1CB002966A3 /* VSAlertAction.m in Sources */ = {isa = PBXBuildFile; fileRef = 0710F9C21F8B1E1000C6D084 /* VSAlertAction.m */; };
		07FF9E4E1F8FF1CF002966A3 /* VSAlertController.m in Sources */ = {isa = PBXBuildFile; fileRef = 0710F9C51F8B1E1000C6D084 /* VSAlertController.m */; };
		07FF9E501F8FF202002966A3 /* flag.png in Resources */ = {isa = PBXBuildFile; fileRef = 07FF9E141F8FEF29002966A3 /* flag.png */; };
		07FF9E511F8FF204002966A3 /* Assets.xcassets in Resources */ = {isa = PBXBuildFile; fileRef = 07FF9E131F8FEF1E002966A3 /* Assets.xcassets */; };
		07FF9E531F8FF211002966A3 /* Main.storyboard in Resources */ = {isa = PBXBuildFile; fileRef = 07FF9E161F8FEF3E002966A3 /* Main.storyboard */; };
		07FF9E541F8FF213002966A3 /* LaunchScreen.storyboard in Resources */ = {isa = PBXBuildFile; fileRef = 07FF9E151F8FEF3D002966A3 /* LaunchScreen.storyboard */; };
/* End PBXBuildFile section */

/* Begin PBXContainerItemProxy section */
		0710F9BC1F8B1CE500C6D084 /* PBXContainerItemProxy */ = {
			isa = PBXContainerItemProxy;
			containerPortal = 07F00ED91F8A96D9006FAC96 /* Project object */;
			proxyType = 1;
			remoteGlobalIDString = 07F00EFE1F8A972D006FAC96;
			remoteInfo = VSAlert;
		};
		078C277F207D246800DF9D0C /* PBXContainerItemProxy */ = {
			isa = PBXContainerItemProxy;
			containerPortal = 07F00ED91F8A96D9006FAC96 /* Project object */;
			proxyType = 1;
			remoteGlobalIDString = 07F00EFE1F8A972D006FAC96;
			remoteInfo = VSAlert;
		};
/* End PBXContainerItemProxy section */

/* Begin PBXCopyFilesBuildPhase section */
		07F00EFD1F8A972D006FAC96 /* CopyFiles */ = {
			isa = PBXCopyFilesBuildPhase;
			buildActionMask = 2147483647;
			dstPath = "include/$(PRODUCT_NAME)";
			dstSubfolderSpec = 16;
			files = (
				0710F9C61F8B1E1A00C6D084 /* VSAlert.h in CopyFiles */,
			);
			runOnlyForDeploymentPostprocessing = 0;
		};
/* End PBXCopyFilesBuildPhase section */

/* Begin PBXFileReference section */
		0710F9A91F8B09FB00C6D084 /* README.md */ = {isa = PBXFileReference; lastKnownFileType = net.daringfireball.markdown; path = README.md; sourceTree = "<group>"; };
		0710F9AA1F8B0A0600C6D084 /* LICENSE */ = {isa = PBXFileReference; lastKnownFileType = text; path = LICENSE; sourceTree = "<group>"; };
		0710F9C11F8B1E0F00C6D084 /* VSAlert.h */ = {isa = PBXFileReference; lastKnownFileType = sourcecode.c.h; path = VSAlert.h; sourceTree = "<group>"; };
		0710F9C21F8B1E1000C6D084 /* VSAlertAction.m */ = {isa = PBXFileReference; lastKnownFileType = sourcecode.c.objc; path = VSAlertAction.m; sourceTree = "<group>"; };
		0710F9C31F8B1E1000C6D084 /* VSAlertController.h */ = {isa = PBXFileReference; lastKnownFileType = sourcecode.c.h; path = VSAlertController.h; sourceTree = "<group>"; };
		0710F9C41F8B1E1000C6D084 /* VSAlertAction.h */ = {isa = PBXFileReference; lastKnownFileType = sourcecode.c.h; path = VSAlertAction.h; sourceTree = "<group>"; };
		0710F9C51F8B1E1000C6D084 /* VSAlertController.m */ = {isa = PBXFileReference; lastKnownFileType = sourcecode.c.objc; path = VSAlertController.m; sourceTree = "<group>"; };
		0710F9CE1F8B1EA300C6D084 /* module.modulemap */ = {isa = PBXFileReference; lastKnownFileType = "sourcecode.module-map"; path = module.modulemap; sourceTree = "<group>"; };
		0710F9D21F8BCDB700C6D084 /* CoreGraphics.framework */ = {isa = PBXFileReference; lastKnownFileType = wrapper.framework; name = CoreGraphics.framework; path = Platforms/iPhoneOS.platform/Developer/SDKs/iPhoneOS11.0.sdk/System/Library/Frameworks/CoreGraphics.framework; sourceTree = DEVELOPER_DIR; };
		078C2779207D246800DF9D0C /* VSAlertTests.xctest */ = {isa = PBXFileReference; explicitFileType = wrapper.cfbundle; includeInIndex = 0; path = VSAlertTests.xctest; sourceTree = BUILT_PRODUCTS_DIR; };
		078C277B207D246800DF9D0C /* VSAlertTests.m */ = {isa = PBXFileReference; lastKnownFileType = sourcecode.c.objc; path = VSAlertTests.m; sourceTree = "<group>"; };
		078C277D207D246800DF9D0C /* Info.plist */ = {isa = PBXFileReference; lastKnownFileType = text.plist.xml; path = Info.plist; sourceTree = "<group>"; };
		07A7C4051F8D655100A71580 /* Foundation.framework */ = {isa = PBXFileReference; lastKnownFileType = wrapper.framework; name = Foundation.framework; path = Platforms/iPhoneOS.platform/Developer/SDKs/iPhoneOS11.0.sdk/System/Library/Frameworks/Foundation.framework; sourceTree = DEVELOPER_DIR; };
		07A7C4071F8D655700A71580 /* UIKit.framework */ = {isa = PBXFileReference; lastKnownFileType = wrapper.framework; name = UIKit.framework; path = Platforms/iPhoneOS.platform/Developer/SDKs/iPhoneOS11.0.sdk/System/Library/Frameworks/UIKit.framework; sourceTree = DEVELOPER_DIR; };
		07F00EFF1F8A972D006FAC96 /* libVSAlert.a */ = {isa = PBXFileReference; explicitFileType = archive.ar; includeInIndex = 0; path = libVSAlert.a; sourceTree = BUILT_PRODUCTS_DIR; };
		07FF9DF01F8FEE85002966A3 /* VSAlert-Example.app */ = {isa = PBXFileReference; explicitFileType = wrapper.application; includeInIndex = 0; path = "VSAlert-Example.app"; sourceTree = BUILT_PRODUCTS_DIR; };
		07FF9E091F8FEEE3002966A3 /* AppDelegate.h */ = {isa = PBXFileReference; lastKnownFileType = sourcecode.c.h; path = AppDelegate.h; sourceTree = "<group>"; };
		07FF9E0A1F8FEEE3002966A3 /* AppDelegate.m */ = {isa = PBXFileReference; lastKnownFileType = sourcecode.c.objc; path = AppDelegate.m; sourceTree = "<group>"; };
		07FF9E0B1F8FEEEB002966A3 /* main.m */ = {isa = PBXFileReference; lastKnownFileType = sourcecode.c.objc; path = main.m; sourceTree = "<group>"; };
		07FF9E0C1F8FEF02002966A3 /* AlertExample.h */ = {isa = PBXFileReference; lastKnownFileType = sourcecode.c.h; path = AlertExample.h; sourceTree = "<group>"; };
		07FF9E0D1F8FEF03002966A3 /* AlertExampleSettingsViewController.h */ = {isa = PBXFileReference; lastKnownFileType = sourcecode.c.h; path = AlertExampleSettingsViewController.h; sourceTree = "<group>"; };
		07FF9E0E1F8FEF03002966A3 /* AlertExampleViewController.m */ = {isa = PBXFileReference; lastKnownFileType = sourcecode.c.objc; path = AlertExampleViewController.m; sourceTree = "<group>"; };
		07FF9E0F1F8FEF03002966A3 /* AlertExampleSettingsViewController.m */ = {isa = PBXFileReference; lastKnownFileType = sourcecode.c.objc; path = AlertExampleSettingsViewController.m; sourceTree = "<group>"; };
		07FF9E101F8FEF03002966A3 /* AlertExampleViewController.h */ = {isa = PBXFileReference; lastKnownFileType = sourcecode.c.h; path = AlertExampleViewController.h; sourceTree = "<group>"; };
		07FF9E111F8FEF03002966A3 /* AlertExample.m */ = {isa = PBXFileReference; lastKnownFileType = sourcecode.c.objc; path = AlertExample.m; sourceTree = "<group>"; };
		07FF9E121F8FEF13002966A3 /* Info.plist */ = {isa = PBXFileReference; lastKnownFileType = text.plist.xml; path = Info.plist; sourceTree = "<group>"; };
		07FF9E131F8FEF1E002966A3 /* Assets.xcassets */ = {isa = PBXFileReference; lastKnownFileType = folder.assetcatalog; path = Assets.xcassets; sourceTree = "<group>"; };
		07FF9E141F8FEF29002966A3 /* flag.png */ = {isa = PBXFileReference; lastKnownFileType = image.png; path = flag.png; sourceTree = "<group>"; };
		07FF9E151F8FEF3D002966A3 /* LaunchScreen.storyboard */ = {isa = PBXFileReference; lastKnownFileType = file.storyboard; path = LaunchScreen.storyboard; sourceTree = "<group>"; };
		07FF9E161F8FEF3E002966A3 /* Main.storyboard */ = {isa = PBXFileReference; lastKnownFileType = file.storyboard; path = Main.storyboard; sourceTree = "<group>"; };
		110BD2F720CF263C009EA520 /* VSAlert.podspec */ = {isa = PBXFileReference; lastKnownFileType = text; path = VSAlert.podspec; sourceTree = "<group>"; };
		110BD2F820CF27E1009EA520 /* .gitignore */ = {isa = PBXFileReference; lastKnownFileType = text; path = .gitignore; sourceTree = "<group>"; };
/* End PBXFileReference section */

/* Begin PBXFrameworksBuildPhase section */
		078C2776207D246800DF9D0C /* Frameworks */ = {
			isa = PBXFrameworksBuildPhase;
			buildActionMask = 2147483647;
			files = (
				078C277E207D246800DF9D0C /* libVSAlert.a in Frameworks */,
			);
			runOnlyForDeploymentPostprocessing = 0;
		};
		07F00EFC1F8A972D006FAC96 /* Frameworks */ = {
			isa = PBXFrameworksBuildPhase;
			buildActionMask = 2147483647;
			files = (
				0710F9D41F8BCDBE00C6D084 /* CoreGraphics.framework in Frameworks */,
			);
			runOnlyForDeploymentPostprocessing = 0;
		};
		07FF9DED1F8FEE85002966A3 /* Frameworks */ = {
			isa = PBXFrameworksBuildPhase;
			buildActionMask = 2147483647;
			files = (
				07FF9E221F8FEFE8002966A3 /* CoreGraphics.framework in Frameworks */,
				07FF9E211F8FEFE2002966A3 /* UIKit.framework in Frameworks */,
				07FF9E201F8FEFDE002966A3 /* Foundation.framework in Frameworks */,
			);
			runOnlyForDeploymentPostprocessing = 0;
		};
/* End PBXFrameworksBuildPhase section */

/* Begin PBXGroup section */
		0710F9CC1F8B1E5B00C6D084 /* Supporting */ = {
			isa = PBXGroup;
			children = (
				0710F9CE1F8B1EA300C6D084 /* module.modulemap */,
			);
			path = Supporting;
			sourceTree = "<group>";
		};
		0710F9D11F8BCDB700C6D084 /* Frameworks */ = {
			isa = PBXGroup;
			children = (
				07A7C4071F8D655700A71580 /* UIKit.framework */,
				07A7C4051F8D655100A71580 /* Foundation.framework */,
				0710F9D21F8BCDB700C6D084 /* CoreGraphics.framework */,
			);
			name = Frameworks;
			sourceTree = "<group>";
		};
		078C277A207D246800DF9D0C /* VSAlertTests */ = {
			isa = PBXGroup;
			children = (
				078C277B207D246800DF9D0C /* VSAlertTests.m */,
				078C277D207D246800DF9D0C /* Info.plist */,
			);
			path = VSAlertTests;
			sourceTree = "<group>";
		};
		07F00ED81F8A96D9006FAC96 = {
			isa = PBXGroup;
			children = (
				110BD2F820CF27E1009EA520 /* .gitignore */,
				0710F9AA1F8B0A0600C6D084 /* LICENSE */,
				110BD2F720CF263C009EA520 /* VSAlert.podspec */,
				0710F9A91F8B09FB00C6D084 /* README.md */,
				07F00EFA1F8A96FB006FAC96 /* VSAlert */,
				07FF9DF11F8FEE85002966A3 /* VSAlert-Example */,
				078C277A207D246800DF9D0C /* VSAlertTests */,
				07F00EE41F8A96F4006FAC96 /* Products */,
				0710F9D11F8BCDB700C6D084 /* Frameworks */,
			);
			sourceTree = "<group>";
		};
		07F00EE41F8A96F4006FAC96 /* Products */ = {
			isa = PBXGroup;
			children = (
				07F00EFF1F8A972D006FAC96 /* libVSAlert.a */,
				07FF9DF01F8FEE85002966A3 /* VSAlert-Example.app */,
				078C2779207D246800DF9D0C /* VSAlertTests.xctest */,
			);
			name = Products;
			sourceTree = "<group>";
		};
		07F00EFA1F8A96FB006FAC96 /* VSAlert */ = {
			isa = PBXGroup;
			children = (
				0710F9C11F8B1E0F00C6D084 /* VSAlert.h */,
				0710F9C41F8B1E1000C6D084 /* VSAlertAction.h */,
				0710F9C21F8B1E1000C6D084 /* VSAlertAction.m */,
				0710F9C31F8B1E1000C6D084 /* VSAlertController.h */,
				0710F9C51F8B1E1000C6D084 /* VSAlertController.m */,
				0710F9CC1F8B1E5B00C6D084 /* Supporting */,
			);
			path = VSAlert;
			sourceTree = "<group>";
		};
		07FB75A6203DD8EF00ABAF7F /* UI */ = {
			isa = PBXGroup;
			children = (
				07FB75A9203DD91F00ABAF7F /* Images */,
				07FB75A8203DD90C00ABAF7F /* Asset Catalogues */,
				07FB75A7203DD8F900ABAF7F /* Storyboards */,
			);
			name = UI;
			sourceTree = "<group>";
		};
		07FB75A7203DD8F900ABAF7F /* Storyboards */ = {
			isa = PBXGroup;
			children = (
				07FF9E151F8FEF3D002966A3 /* LaunchScreen.storyboard */,
				07FF9E161F8FEF3E002966A3 /* Main.storyboard */,
			);
			name = Storyboards;
			sourceTree = "<group>";
		};
		07FB75A8203DD90C00ABAF7F /* Asset Catalogues */ = {
			isa = PBXGroup;
			children = (
				07FF9E131F8FEF1E002966A3 /* Assets.xcassets */,
			);
			name = "Asset Catalogues";
			sourceTree = "<group>";
		};
		07FB75A9203DD91F00ABAF7F /* Images */ = {
			isa = PBXGroup;
			children = (
				07FF9E141F8FEF29002966A3 /* flag.png */,
			);
			name = Images;
			sourceTree = "<group>";
		};
		07FB75AA203DD92A00ABAF7F /* Src */ = {
			isa = PBXGroup;
			children = (
				07FF9E0B1F8FEEEB002966A3 /* main.m */,
				07FF9E0C1F8FEF02002966A3 /* AlertExample.h */,
				07FF9E111F8FEF03002966A3 /* AlertExample.m */,
				07FF9E0D1F8FEF03002966A3 /* AlertExampleSettingsViewController.h */,
				07FF9E0F1F8FEF03002966A3 /* AlertExampleSettingsViewController.m */,
				07FF9E101F8FEF03002966A3 /* AlertExampleViewController.h */,
				07FF9E0E1F8FEF03002966A3 /* AlertExampleViewController.m */,
				07FF9E091F8FEEE3002966A3 /* AppDelegate.h */,
				07FF9E0A1F8FEEE3002966A3 /* AppDelegate.m */,
			);
			name = Src;
			sourceTree = "<group>";
		};
		07FB75AB203DD93C00ABAF7F /* Supporting */ = {
			isa = PBXGroup;
			children = (
				07FF9E121F8FEF13002966A3 /* Info.plist */,
			);
			name = Supporting;
			sourceTree = "<group>";
		};
		07FF9DF11F8FEE85002966A3 /* VSAlert-Example */ = {
			isa = PBXGroup;
			children = (
				07FB75AB203DD93C00ABAF7F /* Supporting */,
				07FB75AA203DD92A00ABAF7F /* Src */,
				07FB75A6203DD8EF00ABAF7F /* UI */,
			);
			path = "VSAlert-Example";
			sourceTree = "<group>";
		};
/* End PBXGroup section */

/* Begin PBXHeadersBuildPhase section */
		0710F9921F8AD22200C6D084 /* Headers */ = {
			isa = PBXHeadersBuildPhase;
			buildActionMask = 2147483647;
			files = (
				0710F9C71F8B1E2000C6D084 /* VSAlertAction.h in Headers */,
				0710F9C81F8B1E2200C6D084 /* VSAlertController.h in Headers */,
			);
			runOnlyForDeploymentPostprocessing = 0;
		};
/* End PBXHeadersBuildPhase section */

/* Begin PBXNativeTarget section */
		078C2778207D246800DF9D0C /* VSAlertTests */ = {
			isa = PBXNativeTarget;
			buildConfigurationList = 078C2781207D246800DF9D0C /* Build configuration list for PBXNativeTarget "VSAlertTests" */;
			buildPhases = (
				078C2775207D246800DF9D0C /* Sources */,
				078C2776207D246800DF9D0C /* Frameworks */,
				078C2777207D246800DF9D0C /* Resources */,
			);
			buildRules = (
			);
			dependencies = (
				078C2780207D246800DF9D0C /* PBXTargetDependency */,
			);
			name = VSAlertTests;
			productName = VSAlertTests;
			productReference = 078C2779207D246800DF9D0C /* VSAlertTests.xctest */;
			productType = "com.apple.product-type.bundle.unit-test";
		};
		07F00EFE1F8A972D006FAC96 /* VSAlert */ = {
			isa = PBXNativeTarget;
			buildConfigurationList = 07F00F051F8A972D006FAC96 /* Build configuration list for PBXNativeTarget "VSAlert" */;
			buildPhases = (
				07F00EFB1F8A972D006FAC96 /* Sources */,
				07F00EFC1F8A972D006FAC96 /* Frameworks */,
				07F00EFD1F8A972D006FAC96 /* CopyFiles */,
				0710F9921F8AD22200C6D084 /* Headers */,
				0710F9951F8AD29600C6D084 /* Build Framework */,
			);
			buildRules = (
			);
			dependencies = (
			);
			name = VSAlert;
			productName = VSAlert;
			productReference = 07F00EFF1F8A972D006FAC96 /* libVSAlert.a */;
			productType = "com.apple.product-type.library.static";
		};
		07FF9DEF1F8FEE85002966A3 /* VSAlert-Example */ = {
			isa = PBXNativeTarget;
			buildConfigurationList = 07FF9E031F8FEE85002966A3 /* Build configuration list for PBXNativeTarget "VSAlert-Example" */;
			buildPhases = (
				07FF9DEC1F8FEE85002966A3 /* Sources */,
				07FF9DED1F8FEE85002966A3 /* Frameworks */,
				07FF9DEE1F8FEE85002966A3 /* Resources */,
			);
			buildRules = (
			);
			dependencies = (
			);
			name = "VSAlert-Example";
			productName = "VSAlert-Example";
			productReference = 07FF9DF01F8FEE85002966A3 /* VSAlert-Example.app */;
			productType = "com.apple.product-type.application";
		};
/* End PBXNativeTarget section */

/* Begin PBXProject section */
		07F00ED91F8A96D9006FAC96 /* Project object */ = {
			isa = PBXProject;
			attributes = {
				LastUpgradeCheck = 1240;
				TargetAttributes = {
					0710F9B61F8B1CB800C6D084 = {
						CreatedOnToolsVersion = 9.0;
						ProvisioningStyle = Automatic;
					};
					078C2778207D246800DF9D0C = {
						CreatedOnToolsVersion = 9.3;
						ProvisioningStyle = Automatic;
					};
					07F00EFE1F8A972D006FAC96 = {
						CreatedOnToolsVersion = 9.0;
						ProvisioningStyle = Automatic;
					};
					07FBE3F220D31BD500BE857B = {
						CreatedOnToolsVersion = 9.4.1;
						ProvisioningStyle = Automatic;
					};
					07FF9DEF1F8FEE85002966A3 = {
						CreatedOnToolsVersion = 9.0;
						ProvisioningStyle = Automatic;
					};
				};
			};
			buildConfigurationList = 07F00EDC1F8A96D9006FAC96 /* Build configuration list for PBXProject "VSAlert" */;
			compatibilityVersion = "Xcode 8.0";
			developmentRegion = en;
			hasScannedForEncodings = 0;
			knownRegions = (
				en,
				Base,
			);
			mainGroup = 07F00ED81F8A96D9006FAC96;
			productRefGroup = 07F00EE41F8A96F4006FAC96 /* Products */;
			projectDirPath = "";
			projectRoot = "";
			targets = (
				07F00EFE1F8A972D006FAC96 /* VSAlert */,
				078C2778207D246800DF9D0C /* VSAlertTests */,
				07FF9DEF1F8FEE85002966A3 /* VSAlert-Example */,
				0710F9B61F8B1CB800C6D084 /* Framework */,
				07FBE3F220D31BD500BE857B /* Documentation */,
			);
		};
/* End PBXProject section */

/* Begin PBXResourcesBuildPhase section */
		078C2777207D246800DF9D0C /* Resources */ = {
			isa = PBXResourcesBuildPhase;
			buildActionMask = 2147483647;
			files = (
			);
			runOnlyForDeploymentPostprocessing = 0;
		};
		07FF9DEE1F8FEE85002966A3 /* Resources */ = {
			isa = PBXResourcesBuildPhase;
			buildActionMask = 2147483647;
			files = (
				07FF9E531F8FF211002966A3 /* Main.storyboard in Resources */,
				07FF9E541F8FF213002966A3 /* LaunchScreen.storyboard in Resources */,
				07FF9E511F8FF204002966A3 /* Assets.xcassets in Resources */,
				07FF9E501F8FF202002966A3 /* flag.png in Resources */,
			);
			runOnlyForDeploymentPostprocessing = 0;
		};
/* End PBXResourcesBuildPhase section */

/* Begin PBXShellScriptBuildPhase section */
		0710F9951F8AD29600C6D084 /* Build Framework */ = {
			isa = PBXShellScriptBuildPhase;
			buildActionMask = 2147483647;
			files = (
			);
			inputPaths = (
			);
			name = "Build Framework";
			outputPaths = (
			);
			runOnlyForDeploymentPostprocessing = 0;
			shellPath = /bin/sh;
			shellScript = "set -e\nexport FRAMEWORK_LOCN=\"${BUILT_PRODUCTS_DIR}/${PRODUCT_NAME}.framework\"\n# Create the path to the real Headers die\nmkdir -p \"${FRAMEWORK_LOCN}/Versions/A/Headers\"\nmkdir -p \"${FRAMEWORK_LOCN}/Modules\"\n# Create the required symlinks\n/bin/ln -sfh A \"${FRAMEWORK_LOCN}/Versions/Current\"\n/bin/ln -sfh Versions/Current/Headers \"${FRAMEWORK_LOCN}/Headers\"\n/bin/ln -sfh \"Versions/Current/${PRODUCT_NAME}\" \\\n\"${FRAMEWORK_LOCN}/${PRODUCT_NAME}\"\n# Copy the public headers into the framework\n/bin/cp -a \"${TARGET_BUILD_DIR}/${PUBLIC_HEADERS_FOLDER_PATH}/\" \\\n\"${FRAMEWORK_LOCN}/Versions/A/Headers\"\n";
		};
		0710F9BE1F8B1CE800C6D084 /* Bind Slices */ = {
			isa = PBXShellScriptBuildPhase;
			buildActionMask = 2147483647;
			files = (
			);
			inputPaths = (
			);
			name = "Bind Slices";
			outputPaths = (
			);
			runOnlyForDeploymentPostprocessing = 0;
			shellPath = /bin/sh;
			shellScript = "set -e\n# If we're already inside this script then die\nif [ -n \"$MULTIPLATFORM_BUILD_IN_PROGRESS\" ]; then\nexit 0\nfi\nexport MULTIPLATFORM_BUILD_IN_PROGRESS=1\nFRAMEWORK_NAME=\"VSAlert\"\nINPUT_STATIC_LIB=\"lib${FRAMEWORK_NAME}.a\"\nFRAMEWORK_LOCATION=\"${BUILT_PRODUCTS_DIR}/${FRAMEWORK_NAME}.framework\"\nfunction build_arm_library {\n    # Will rebuild the static library as specified\n    #     build_static_library sdk\n    xcrun xcodebuild -project \"${PROJECT_FILE_PATH}\" \\\n    -target \"${TARGET_NAME}\" \\\n    -configuration \"${CONFIGURATION}\" \\\n    -sdk \"${1}\" \\\n    ONLY_ACTIVE_ARCH=NO \\\n    BUILD_DIR=\"${BUILD_DIR}\" \\\n    OBJROOT=\"${OBJROOT}/DependentBuilds\" \\\n    BUILD_ROOT=\"${BUILD_ROOT}\" \\\n    SYMROOT=\"${SYMROOT}\" $ACTION\n}\nfunction build_sim_library {\n    # Will rebuild the static library as specified\n    #     build_static_library sdk\n    xcrun xcodebuild -project \"${PROJECT_FILE_PATH}\" \\\n    -target \"${TARGET_NAME}\" \\\n    -configuration \"${CONFIGURATION}\" \\\n    -sdk \"${1}\" \\\n    ONLY_ACTIVE_ARCH=NO \\\n    BUILD_DIR=\"${BUILD_DIR}\" \\\n    OBJROOT=\"${OBJROOT}/DependentBuilds\" \\\n    BUILD_ROOT=\"${BUILD_ROOT}\" \\\n    SYMROOT=\"${SYMROOT}\" $ACTION \\\n    EXCLUDED_ARCHS=\"arm64\"\n}\nfunction make_fat_library {\n    # Will smash 2 static libs together\n    #     make_fat_library in1 in2 out\n    xcrun lipo -create \"${1}\" \"${2}\" -output \"${3}\"\n}\n# 1 - Extract the platform (iphoneos/iphonesimulator) from the SDK name\nif [[ \"$SDK_NAME\" =~ ([A-Za-z]+) ]]; then\nSDK_PLATFORM=${BASH_REMATCH[1]}\nelse\necho \"Could not find platform name from SDK_NAME: $SDK_NAME\"\nexit 1\nfi\n# 2 - Extract the version from the SDK\nif [[ \"$SDK_NAME\" =~ ([0-9]+.*$) ]]; then\nSDK_VERSION=${BASH_REMATCH[1]}\nelse\necho \"Could not find sdk version from SDK_NAME: $SDK_NAME\"\nexit 1\nfi\n# 3 - Determine the other platform\nif [ \"$SDK_PLATFORM\" == \"iphoneos\" ]; then\nOTHER_PLATFORM=iphonesimulator\nelse\nOTHER_PLATFORM=iphoneos\nfi\n# 4 - Find the build directory\nif [[ \"$BUILT_PRODUCTS_DIR\" =~ (.*)$SDK_PLATFORM$ ]]; then\nOTHER_BUILT_PRODUCTS_DIR=\"${BASH_REMATCH[1]}${OTHER_PLATFORM}\"\nelse\necho \"Could not find other platform build directory.\"\nexit 1\nfi\n# Build the other platform.\nbuild_arm_library \"${OTHER_PLATFORM}${SDK_VERSION}\"\n# If we're currently building for iphonesimulator, then need to rebuild\n#   to ensure that we get both i386 and x86_64\nif [ \"$SDK_PLATFORM\" == \"iphonesimulator\" ]; then\nbuild_sim_library \"${SDK_NAME}\"\nfi\n# Join the 2 static libs into 1 and push into the .framework\nmake_fat_library \"${BUILT_PRODUCTS_DIR}/${INPUT_STATIC_LIB}\" \\\n\"${OTHER_BUILT_PRODUCTS_DIR}/${INPUT_STATIC_LIB}\" \\\n\"${FRAMEWORK_LOCATION}/Versions/A/${FRAMEWORK_NAME}\"\n# Ensure that the framework is present in both platform's build directories\ncp -a \"${FRAMEWORK_LOCATION}/Versions/A/${FRAMEWORK_NAME}\" \\\n\"${OTHER_BUILT_PRODUCTS_DIR}/${FRAMEWORK_NAME}.framework/Versions/A/${FRAMEWORK_NAME}\"\n# Copy the framework to the user's desktop\nditto \"${FRAMEWORK_LOCATION}\" \"${PROJECT_DIR}/Release/${FRAMEWORK_NAME}.framework\"\nditto \"${PROJECT_DIR}/${FRAMEWORK_NAME}/Supporting/module.modulemap\" \"${PROJECT_DIR}/Release/${FRAMEWORK_NAME}.framework/Modules\"\n";
		};
		07FBE3F620D31BD900BE857B /* Build Documentation w/ Jazzy */ = {
			isa = PBXShellScriptBuildPhase;
			buildActionMask = 2147483647;
			files = (
			);
			inputPaths = (
			);
			name = "Build Documentation w/ Jazzy";
			outputPaths = (
			);
			runOnlyForDeploymentPostprocessing = 0;
			shellPath = /bin/sh;
			shellScript = "jazzy --objc --clean --author 'Varun Santhanam' --author_url 'https://www.vsanthanam.com' --github_url 'https://github.com/vsanthanam/VSAlert' --umbrella-header VSAlert/VSAlert.h --framework-root . --module VSAlert --sdk iphonesimulator --hide-declarations swift --output \"${PROJECT_DIR}/Documentation\" --theme \"${PROJECT_DIR}/JazzyTheme\"";
		};
/* End PBXShellScriptBuildPhase section */

/* Begin PBXSourcesBuildPhase section */
		078C2775207D246800DF9D0C /* Sources */ = {
			isa = PBXSourcesBuildPhase;
			buildActionMask = 2147483647;
			files = (
				078C277C207D246800DF9D0C /* VSAlertTests.m in Sources */,
			);
			runOnlyForDeploymentPostprocessing = 0;
		};
		07F00EFB1F8A972D006FAC96 /* Sources */ = {
			isa = PBXSourcesBuildPhase;
			buildActionMask = 2147483647;
			files = (
				0710F9C91F8B1E3500C6D084 /* VSAlertAction.m in Sources */,
				0710F9CA1F8B1E3700C6D084 /* VSAlertController.m in Sources */,
			);
			runOnlyForDeploymentPostprocessing = 0;
		};
		07FF9DEC1F8FEE85002966A3 /* Sources */ = {
			isa = PBXSourcesBuildPhase;
			buildActionMask = 2147483647;
			files = (
				07FF9E4E1F8FF1CF002966A3 /* VSAlertController.m in Sources */,
				07FF9E171F8FEF8C002966A3 /* AlertExample.m in Sources */,
				07FF9E4D1F8FF1CB002966A3 /* VSAlertAction.m in Sources */,
				07FF9E191F8FEF92002966A3 /* AlertExampleViewController.m in Sources */,
				07FF9E1A1F8FEF98002966A3 /* main.m in Sources */,
				07FF9E181F8FEF8E002966A3 /* AlertExampleSettingsViewController.m in Sources */,
				07FF9E1B1F8FEF9B002966A3 /* AppDelegate.m in Sources */,
			);
			runOnlyForDeploymentPostprocessing = 0;
		};
/* End PBXSourcesBuildPhase section */

/* Begin PBXTargetDependency section */
		0710F9BD1F8B1CE500C6D084 /* PBXTargetDependency */ = {
			isa = PBXTargetDependency;
			target = 07F00EFE1F8A972D006FAC96 /* VSAlert */;
			targetProxy = 0710F9BC1F8B1CE500C6D084 /* PBXContainerItemProxy */;
		};
		078C2780207D246800DF9D0C /* PBXTargetDependency */ = {
			isa = PBXTargetDependency;
			target = 07F00EFE1F8A972D006FAC96 /* VSAlert */;
			targetProxy = 078C277F207D246800DF9D0C /* PBXContainerItemProxy */;
		};
/* End PBXTargetDependency section */

/* Begin XCBuildConfiguration section */
		0710F9B81F8B1CB800C6D084 /* Debug */ = {
			isa = XCBuildConfiguration;
			buildSettings = {
				CODE_SIGN_STYLE = Automatic;
				DEVELOPMENT_TEAM = Y88YPD4RJA;
				PRODUCT_NAME = "$(TARGET_NAME)";
				SDKROOT = iphoneos;
			};
			name = Debug;
		};
		0710F9B91F8B1CB800C6D084 /* Release */ = {
			isa = XCBuildConfiguration;
			buildSettings = {
				CODE_SIGN_STYLE = Automatic;
				DEVELOPMENT_TEAM = Y88YPD4RJA;
				PRODUCT_NAME = "$(TARGET_NAME)";
				SDKROOT = iphoneos;
			};
			name = Release;
		};
		078C2782207D246800DF9D0C /* Debug */ = {
			isa = XCBuildConfiguration;
			buildSettings = {
				ALWAYS_SEARCH_USER_PATHS = NO;
				CLANG_ANALYZER_NONNULL = YES;
				CLANG_ANALYZER_NUMBER_OBJECT_CONVERSION = YES_AGGRESSIVE;
				CLANG_CXX_LANGUAGE_STANDARD = "gnu++14";
				CLANG_CXX_LIBRARY = "libc++";
				CLANG_ENABLE_MODULES = YES;
				CLANG_ENABLE_OBJC_ARC = YES;
				CLANG_ENABLE_OBJC_WEAK = YES;
				CLANG_WARN_DIRECT_OBJC_ISA_USAGE = YES_ERROR;
				CLANG_WARN_DOCUMENTATION_COMMENTS = YES;
				CLANG_WARN_OBJC_ROOT_CLASS = YES_ERROR;
				CLANG_WARN_UNGUARDED_AVAILABILITY = YES_AGGRESSIVE;
				CODE_SIGN_IDENTITY = "iPhone Developer";
				CODE_SIGN_STYLE = Automatic;
				COPY_PHASE_STRIP = NO;
				DEBUG_INFORMATION_FORMAT = dwarf;
				DEVELOPMENT_TEAM = Y88YPD4RJA;
				GCC_C_LANGUAGE_STANDARD = gnu11;
				GCC_DYNAMIC_NO_PIC = NO;
				GCC_OPTIMIZATION_LEVEL = 0;
				GCC_PREPROCESSOR_DEFINITIONS = (
					"DEBUG=1",
					"$(inherited)",
				);
				GCC_WARN_ABOUT_RETURN_TYPE = YES_ERROR;
				GCC_WARN_UNINITIALIZED_AUTOS = YES_AGGRESSIVE;
				INFOPLIST_FILE = VSAlertTests/Info.plist;
				IPHONEOS_DEPLOYMENT_TARGET = 12.0;
				LD_RUNPATH_SEARCH_PATHS = "$(inherited) @executable_path/Frameworks @loader_path/Frameworks";
				MTL_ENABLE_DEBUG_INFO = YES;
				ONLY_ACTIVE_ARCH = YES;
				PRODUCT_BUNDLE_IDENTIFIER = com.varunsanthanam.VSAlertTests;
				PRODUCT_NAME = "$(TARGET_NAME)";
				SDKROOT = iphoneos;
				TARGETED_DEVICE_FAMILY = "1,2";
			};
			name = Debug;
		};
		078C2783207D246800DF9D0C /* Release */ = {
			isa = XCBuildConfiguration;
			buildSettings = {
				ALWAYS_SEARCH_USER_PATHS = NO;
				CLANG_ANALYZER_NONNULL = YES;
				CLANG_ANALYZER_NUMBER_OBJECT_CONVERSION = YES_AGGRESSIVE;
				CLANG_CXX_LANGUAGE_STANDARD = "gnu++14";
				CLANG_CXX_LIBRARY = "libc++";
				CLANG_ENABLE_MODULES = YES;
				CLANG_ENABLE_OBJC_ARC = YES;
				CLANG_ENABLE_OBJC_WEAK = YES;
				CLANG_WARN_DIRECT_OBJC_ISA_USAGE = YES_ERROR;
				CLANG_WARN_DOCUMENTATION_COMMENTS = YES;
				CLANG_WARN_OBJC_ROOT_CLASS = YES_ERROR;
				CLANG_WARN_UNGUARDED_AVAILABILITY = YES_AGGRESSIVE;
				CODE_SIGN_IDENTITY = "iPhone Developer";
				CODE_SIGN_STYLE = Automatic;
				COPY_PHASE_STRIP = NO;
				DEBUG_INFORMATION_FORMAT = "dwarf-with-dsym";
				DEVELOPMENT_TEAM = Y88YPD4RJA;
				ENABLE_NS_ASSERTIONS = NO;
				GCC_C_LANGUAGE_STANDARD = gnu11;
				GCC_WARN_ABOUT_RETURN_TYPE = YES_ERROR;
				GCC_WARN_UNINITIALIZED_AUTOS = YES_AGGRESSIVE;
				INFOPLIST_FILE = VSAlertTests/Info.plist;
				IPHONEOS_DEPLOYMENT_TARGET = 12.0;
				LD_RUNPATH_SEARCH_PATHS = "$(inherited) @executable_path/Frameworks @loader_path/Frameworks";
				MTL_ENABLE_DEBUG_INFO = NO;
				PRODUCT_BUNDLE_IDENTIFIER = com.varunsanthanam.VSAlertTests;
				PRODUCT_NAME = "$(TARGET_NAME)";
				SDKROOT = iphoneos;
				TARGETED_DEVICE_FAMILY = "1,2";
				VALIDATE_PRODUCT = YES;
			};
			name = Release;
		};
		07F00EDD1F8A96D9006FAC96 /* Debug */ = {
			isa = XCBuildConfiguration;
			buildSettings = {
				CLANG_WARN_BLOCK_CAPTURE_AUTORELEASING = YES;
				CLANG_WARN_BOOL_CONVERSION = YES;
				CLANG_WARN_COMMA = YES;
				CLANG_WARN_CONSTANT_CONVERSION = YES;
				CLANG_WARN_DEPRECATED_OBJC_IMPLEMENTATIONS = YES;
				CLANG_WARN_EMPTY_BODY = YES;
				CLANG_WARN_ENUM_CONVERSION = YES;
				CLANG_WARN_INFINITE_RECURSION = YES;
				CLANG_WARN_INT_CONVERSION = YES;
				CLANG_WARN_NON_LITERAL_NULL_CONVERSION = YES;
				CLANG_WARN_OBJC_IMPLICIT_RETAIN_SELF = YES;
				CLANG_WARN_OBJC_LITERAL_CONVERSION = YES;
				CLANG_WARN_RANGE_LOOP_ANALYSIS = YES;
				CLANG_WARN_STRICT_PROTOTYPES = YES;
				CLANG_WARN_SUSPICIOUS_MOVE = YES;
				CLANG_WARN_UNREACHABLE_CODE = YES;
				CLANG_WARN__DUPLICATE_METHOD_MATCH = YES;
				ENABLE_STRICT_OBJC_MSGSEND = YES;
				ENABLE_TESTABILITY = YES;
				GCC_NO_COMMON_BLOCKS = YES;
				GCC_WARN_64_TO_32_BIT_CONVERSION = YES;
				GCC_WARN_ABOUT_RETURN_TYPE = YES;
				GCC_WARN_UNDECLARED_SELECTOR = YES;
				GCC_WARN_UNINITIALIZED_AUTOS = YES;
				GCC_WARN_UNUSED_FUNCTION = YES;
				GCC_WARN_UNUSED_VARIABLE = YES;
			};
			name = Debug;
		};
		07F00EDE1F8A96D9006FAC96 /* Release */ = {
			isa = XCBuildConfiguration;
			buildSettings = {
				CLANG_WARN_BLOCK_CAPTURE_AUTORELEASING = YES;
				CLANG_WARN_BOOL_CONVERSION = YES;
				CLANG_WARN_COMMA = YES;
				CLANG_WARN_CONSTANT_CONVERSION = YES;
				CLANG_WARN_DEPRECATED_OBJC_IMPLEMENTATIONS = YES;
				CLANG_WARN_EMPTY_BODY = YES;
				CLANG_WARN_ENUM_CONVERSION = YES;
				CLANG_WARN_INFINITE_RECURSION = YES;
				CLANG_WARN_INT_CONVERSION = YES;
				CLANG_WARN_NON_LITERAL_NULL_CONVERSION = YES;
				CLANG_WARN_OBJC_IMPLICIT_RETAIN_SELF = YES;
				CLANG_WARN_OBJC_LITERAL_CONVERSION = YES;
				CLANG_WARN_RANGE_LOOP_ANALYSIS = YES;
				CLANG_WARN_STRICT_PROTOTYPES = YES;
				CLANG_WARN_SUSPICIOUS_MOVE = YES;
				CLANG_WARN_UNREACHABLE_CODE = YES;
				CLANG_WARN__DUPLICATE_METHOD_MATCH = YES;
				ENABLE_STRICT_OBJC_MSGSEND = YES;
				GCC_NO_COMMON_BLOCKS = YES;
				GCC_WARN_64_TO_32_BIT_CONVERSION = YES;
				GCC_WARN_ABOUT_RETURN_TYPE = YES;
				GCC_WARN_UNDECLARED_SELECTOR = YES;
				GCC_WARN_UNINITIALIZED_AUTOS = YES;
				GCC_WARN_UNUSED_FUNCTION = YES;
				GCC_WARN_UNUSED_VARIABLE = YES;
			};
			name = Release;
		};
		07F00F061F8A972D006FAC96 /* Debug */ = {
			isa = XCBuildConfiguration;
			buildSettings = {
				ALWAYS_SEARCH_USER_PATHS = NO;
				CLANG_ANALYZER_NONNULL = YES;
				CLANG_ANALYZER_NUMBER_OBJECT_CONVERSION = YES_AGGRESSIVE;
				CLANG_CXX_LANGUAGE_STANDARD = "gnu++14";
				CLANG_CXX_LIBRARY = "libc++";
				CLANG_ENABLE_MODULES = YES;
				CLANG_ENABLE_OBJC_ARC = YES;
				CLANG_WARN_BLOCK_CAPTURE_AUTORELEASING = YES;
				CLANG_WARN_BOOL_CONVERSION = YES;
				CLANG_WARN_COMMA = YES;
				CLANG_WARN_CONSTANT_CONVERSION = YES;
				CLANG_WARN_DIRECT_OBJC_ISA_USAGE = YES_ERROR;
				CLANG_WARN_DOCUMENTATION_COMMENTS = YES;
				CLANG_WARN_EMPTY_BODY = YES;
				CLANG_WARN_ENUM_CONVERSION = YES;
				CLANG_WARN_INFINITE_RECURSION = YES;
				CLANG_WARN_INT_CONVERSION = YES;
				CLANG_WARN_NON_LITERAL_NULL_CONVERSION = YES;
				CLANG_WARN_OBJC_LITERAL_CONVERSION = YES;
				CLANG_WARN_OBJC_ROOT_CLASS = YES_ERROR;
				CLANG_WARN_RANGE_LOOP_ANALYSIS = YES;
				CLANG_WARN_STRICT_PROTOTYPES = YES;
				CLANG_WARN_SUSPICIOUS_MOVE = YES;
				CLANG_WARN_UNGUARDED_AVAILABILITY = YES_AGGRESSIVE;
				CLANG_WARN_UNREACHABLE_CODE = YES;
				CLANG_WARN__DUPLICATE_METHOD_MATCH = YES;
				CODE_SIGN_IDENTITY = "iPhone Developer";
				CODE_SIGN_STYLE = Automatic;
				COPY_PHASE_STRIP = NO;
				DEAD_CODE_STRIPPING = NO;
				DEBUG_INFORMATION_FORMAT = dwarf;
				DEVELOPMENT_TEAM = Y88YPD4RJA;
				ENABLE_STRICT_OBJC_MSGSEND = YES;
				ENABLE_TESTABILITY = YES;
				GCC_C_LANGUAGE_STANDARD = gnu11;
				GCC_DYNAMIC_NO_PIC = NO;
				GCC_NO_COMMON_BLOCKS = YES;
				GCC_OPTIMIZATION_LEVEL = 0;
				GCC_PREPROCESSOR_DEFINITIONS = (
					"DEBUG=1",
					"$(inherited)",
				);
				GCC_WARN_64_TO_32_BIT_CONVERSION = YES;
				GCC_WARN_ABOUT_RETURN_TYPE = YES_ERROR;
				GCC_WARN_UNDECLARED_SELECTOR = YES;
				GCC_WARN_UNINITIALIZED_AUTOS = YES_AGGRESSIVE;
				GCC_WARN_UNUSED_FUNCTION = YES;
				GCC_WARN_UNUSED_VARIABLE = YES;
				IPHONEOS_DEPLOYMENT_TARGET = 12.0;
				MTL_ENABLE_DEBUG_INFO = YES;
				ONLY_ACTIVE_ARCH = YES;
				OTHER_CFLAGS = "-fembed-bitcode";
				OTHER_LDFLAGS = "-ObjC";
				PRODUCT_NAME = "$(TARGET_NAME)";
				PUBLIC_HEADERS_FOLDER_PATH = "include/$(PROJECT_NAME)";
				SDKROOT = iphoneos;
				SKIP_INSTALL = YES;
				STRIP_STYLE = "non-global";
				TARGETED_DEVICE_FAMILY = "1,2";
			};
			name = Debug;
		};
		07F00F071F8A972D006FAC96 /* Release */ = {
			isa = XCBuildConfiguration;
			buildSettings = {
				ALWAYS_SEARCH_USER_PATHS = NO;
				CLANG_ANALYZER_NONNULL = YES;
				CLANG_ANALYZER_NUMBER_OBJECT_CONVERSION = YES_AGGRESSIVE;
				CLANG_CXX_LANGUAGE_STANDARD = "gnu++14";
				CLANG_CXX_LIBRARY = "libc++";
				CLANG_ENABLE_MODULES = YES;
				CLANG_ENABLE_OBJC_ARC = YES;
				CLANG_WARN_BLOCK_CAPTURE_AUTORELEASING = YES;
				CLANG_WARN_BOOL_CONVERSION = YES;
				CLANG_WARN_COMMA = YES;
				CLANG_WARN_CONSTANT_CONVERSION = YES;
				CLANG_WARN_DIRECT_OBJC_ISA_USAGE = YES_ERROR;
				CLANG_WARN_DOCUMENTATION_COMMENTS = YES;
				CLANG_WARN_EMPTY_BODY = YES;
				CLANG_WARN_ENUM_CONVERSION = YES;
				CLANG_WARN_INFINITE_RECURSION = YES;
				CLANG_WARN_INT_CONVERSION = YES;
				CLANG_WARN_NON_LITERAL_NULL_CONVERSION = YES;
				CLANG_WARN_OBJC_LITERAL_CONVERSION = YES;
				CLANG_WARN_OBJC_ROOT_CLASS = YES_ERROR;
				CLANG_WARN_RANGE_LOOP_ANALYSIS = YES;
				CLANG_WARN_STRICT_PROTOTYPES = YES;
				CLANG_WARN_SUSPICIOUS_MOVE = YES;
				CLANG_WARN_UNGUARDED_AVAILABILITY = YES_AGGRESSIVE;
				CLANG_WARN_UNREACHABLE_CODE = YES;
				CLANG_WARN__DUPLICATE_METHOD_MATCH = YES;
				CODE_SIGN_IDENTITY = "iPhone Developer";
				CODE_SIGN_STYLE = Automatic;
				COPY_PHASE_STRIP = NO;
				DEAD_CODE_STRIPPING = NO;
				DEBUG_INFORMATION_FORMAT = "dwarf-with-dsym";
				DEVELOPMENT_TEAM = Y88YPD4RJA;
				ENABLE_NS_ASSERTIONS = NO;
				ENABLE_STRICT_OBJC_MSGSEND = YES;
				GCC_C_LANGUAGE_STANDARD = gnu11;
				GCC_NO_COMMON_BLOCKS = YES;
				GCC_WARN_64_TO_32_BIT_CONVERSION = YES;
				GCC_WARN_ABOUT_RETURN_TYPE = YES_ERROR;
				GCC_WARN_UNDECLARED_SELECTOR = YES;
				GCC_WARN_UNINITIALIZED_AUTOS = YES_AGGRESSIVE;
				GCC_WARN_UNUSED_FUNCTION = YES;
				GCC_WARN_UNUSED_VARIABLE = YES;
				IPHONEOS_DEPLOYMENT_TARGET = 12.0;
				MTL_ENABLE_DEBUG_INFO = NO;
				OTHER_CFLAGS = "-fembed-bitcode";
				OTHER_LDFLAGS = "-ObjC";
				PRODUCT_NAME = "$(TARGET_NAME)";
				PUBLIC_HEADERS_FOLDER_PATH = "include/$(PROJECT_NAME)";
				SDKROOT = iphoneos;
				SKIP_INSTALL = YES;
				STRIP_STYLE = "non-global";
				TARGETED_DEVICE_FAMILY = "1,2";
				VALIDATE_PRODUCT = YES;
			};
			name = Release;
		};
		07FBE3F420D31BD500BE857B /* Debug */ = {
			isa = XCBuildConfiguration;
			buildSettings = {
				CODE_SIGN_STYLE = Automatic;
				DEVELOPMENT_TEAM = Y88YPD4RJA;
				PRODUCT_NAME = "$(TARGET_NAME)";
				SUPPORTED_PLATFORMS = "iphonesimulator iphoneos";
			};
			name = Debug;
		};
		07FBE3F520D31BD500BE857B /* Release */ = {
			isa = XCBuildConfiguration;
			buildSettings = {
				CODE_SIGN_STYLE = Automatic;
				DEVELOPMENT_TEAM = Y88YPD4RJA;
				PRODUCT_NAME = "$(TARGET_NAME)";
				SUPPORTED_PLATFORMS = "iphonesimulator iphoneos";
			};
			name = Release;
		};
		07FF9E041F8FEE85002966A3 /* Debug */ = {
			isa = XCBuildConfiguration;
			buildSettings = {
				ALWAYS_SEARCH_USER_PATHS = NO;
				ASSETCATALOG_COMPILER_APPICON_NAME = AppIcon;
				CLANG_ANALYZER_NONNULL = YES;
				CLANG_ANALYZER_NUMBER_OBJECT_CONVERSION = YES_AGGRESSIVE;
				CLANG_CXX_LANGUAGE_STANDARD = "gnu++14";
				CLANG_CXX_LIBRARY = "libc++";
				CLANG_ENABLE_MODULES = YES;
				CLANG_ENABLE_OBJC_ARC = YES;
				CLANG_WARN_BLOCK_CAPTURE_AUTORELEASING = YES;
				CLANG_WARN_BOOL_CONVERSION = YES;
				CLANG_WARN_COMMA = YES;
				CLANG_WARN_CONSTANT_CONVERSION = YES;
				CLANG_WARN_DIRECT_OBJC_ISA_USAGE = YES_ERROR;
				CLANG_WARN_DOCUMENTATION_COMMENTS = YES;
				CLANG_WARN_EMPTY_BODY = YES;
				CLANG_WARN_ENUM_CONVERSION = YES;
				CLANG_WARN_INFINITE_RECURSION = YES;
				CLANG_WARN_INT_CONVERSION = YES;
				CLANG_WARN_NON_LITERAL_NULL_CONVERSION = YES;
				CLANG_WARN_OBJC_LITERAL_CONVERSION = YES;
				CLANG_WARN_OBJC_ROOT_CLASS = YES_ERROR;
				CLANG_WARN_RANGE_LOOP_ANALYSIS = YES;
				CLANG_WARN_STRICT_PROTOTYPES = YES;
				CLANG_WARN_SUSPICIOUS_MOVE = YES;
				CLANG_WARN_UNGUARDED_AVAILABILITY = YES_AGGRESSIVE;
				CLANG_WARN_UNREACHABLE_CODE = YES;
				CLANG_WARN__DUPLICATE_METHOD_MATCH = YES;
				CODE_SIGN_IDENTITY = "iPhone Developer";
				CODE_SIGN_STYLE = Automatic;
				COPY_PHASE_STRIP = NO;
				DEBUG_INFORMATION_FORMAT = dwarf;
				DEVELOPMENT_TEAM = Y88YPD4RJA;
				ENABLE_STRICT_OBJC_MSGSEND = YES;
				ENABLE_TESTABILITY = YES;
				FRAMEWORK_SEARCH_PATHS = "$(inherited)";
				GCC_C_LANGUAGE_STANDARD = gnu11;
				GCC_DYNAMIC_NO_PIC = NO;
				GCC_NO_COMMON_BLOCKS = YES;
				GCC_OPTIMIZATION_LEVEL = 0;
				GCC_PREPROCESSOR_DEFINITIONS = (
					"DEBUG=1",
					"$(inherited)",
				);
				GCC_WARN_64_TO_32_BIT_CONVERSION = YES;
				GCC_WARN_ABOUT_RETURN_TYPE = YES_ERROR;
				GCC_WARN_UNDECLARED_SELECTOR = YES;
				GCC_WARN_UNINITIALIZED_AUTOS = YES_AGGRESSIVE;
				GCC_WARN_UNUSED_FUNCTION = YES;
				GCC_WARN_UNUSED_VARIABLE = YES;
				INFOPLIST_FILE = "VSAlert-Example/Info.plist";
				IPHONEOS_DEPLOYMENT_TARGET = 12.0;
				LD_RUNPATH_SEARCH_PATHS = "$(inherited) @executable_path/Frameworks";
				MTL_ENABLE_DEBUG_INFO = YES;
				ONLY_ACTIVE_ARCH = YES;
				PRODUCT_BUNDLE_IDENTIFIER = "com.varunsanthanam.VSAlert-Example";
				PRODUCT_NAME = "$(TARGET_NAME)";
				SDKROOT = iphoneos;
				TARGETED_DEVICE_FAMILY = "1,2";
			};
			name = Debug;
		};
		07FF9E051F8FEE85002966A3 /* Release */ = {
			isa = XCBuildConfiguration;
			buildSettings = {
				ALWAYS_SEARCH_USER_PATHS = NO;
				ASSETCATALOG_COMPILER_APPICON_NAME = AppIcon;
				CLANG_ANALYZER_NONNULL = YES;
				CLANG_ANALYZER_NUMBER_OBJECT_CONVERSION = YES_AGGRESSIVE;
				CLANG_CXX_LANGUAGE_STANDARD = "gnu++14";
				CLANG_CXX_LIBRARY = "libc++";
				CLANG_ENABLE_MODULES = YES;
				CLANG_ENABLE_OBJC_ARC = YES;
				CLANG_WARN_BLOCK_CAPTURE_AUTORELEASING = YES;
				CLANG_WARN_BOOL_CONVERSION = YES;
				CLANG_WARN_COMMA = YES;
				CLANG_WARN_CONSTANT_CONVERSION = YES;
				CLANG_WARN_DIRECT_OBJC_ISA_USAGE = YES_ERROR;
				CLANG_WARN_DOCUMENTATION_COMMENTS = YES;
				CLANG_WARN_EMPTY_BODY = YES;
				CLANG_WARN_ENUM_CONVERSION = YES;
				CLANG_WARN_INFINITE_RECURSION = YES;
				CLANG_WARN_INT_CONVERSION = YES;
				CLANG_WARN_NON_LITERAL_NULL_CONVERSION = YES;
				CLANG_WARN_OBJC_LITERAL_CONVERSION = YES;
				CLANG_WARN_OBJC_ROOT_CLASS = YES_ERROR;
				CLANG_WARN_RANGE_LOOP_ANALYSIS = YES;
				CLANG_WARN_STRICT_PROTOTYPES = YES;
				CLANG_WARN_SUSPICIOUS_MOVE = YES;
				CLANG_WARN_UNGUARDED_AVAILABILITY = YES_AGGRESSIVE;
				CLANG_WARN_UNREACHABLE_CODE = YES;
				CLANG_WARN__DUPLICATE_METHOD_MATCH = YES;
				CODE_SIGN_IDENTITY = "iPhone Developer";
				CODE_SIGN_STYLE = Automatic;
				COPY_PHASE_STRIP = NO;
				DEBUG_INFORMATION_FORMAT = "dwarf-with-dsym";
				DEVELOPMENT_TEAM = Y88YPD4RJA;
				ENABLE_NS_ASSERTIONS = NO;
				ENABLE_STRICT_OBJC_MSGSEND = YES;
				FRAMEWORK_SEARCH_PATHS = "$(inherited)";
				GCC_C_LANGUAGE_STANDARD = gnu11;
				GCC_NO_COMMON_BLOCKS = YES;
				GCC_WARN_64_TO_32_BIT_CONVERSION = YES;
				GCC_WARN_ABOUT_RETURN_TYPE = YES_ERROR;
				GCC_WARN_UNDECLARED_SELECTOR = YES;
				GCC_WARN_UNINITIALIZED_AUTOS = YES_AGGRESSIVE;
				GCC_WARN_UNUSED_FUNCTION = YES;
				GCC_WARN_UNUSED_VARIABLE = YES;
				INFOPLIST_FILE = "VSAlert-Example/Info.plist";
				IPHONEOS_DEPLOYMENT_TARGET = 12.0;
				LD_RUNPATH_SEARCH_PATHS = "$(inherited) @executable_path/Frameworks";
				MTL_ENABLE_DEBUG_INFO = NO;
				PRODUCT_BUNDLE_IDENTIFIER = "com.varunsanthanam.VSAlert-Example";
				PRODUCT_NAME = "$(TARGET_NAME)";
				SDKROOT = iphoneos;
				TARGETED_DEVICE_FAMILY = "1,2";
				VALIDATE_PRODUCT = YES;
			};
			name = Release;
		};
/* End XCBuildConfiguration section */

/* Begin XCConfigurationList section */
		0710F9B71F8B1CB800C6D084 /* Build configuration list for PBXAggregateTarget "Framework" */ = {
			isa = XCConfigurationList;
			buildConfigurations = (
				0710F9B81F8B1CB800C6D084 /* Debug */,
				0710F9B91F8B1CB800C6D084 /* Release */,
			);
			defaultConfigurationIsVisible = 0;
			defaultConfigurationName = Release;
		};
		078C2781207D246800DF9D0C /* Build configuration list for PBXNativeTarget "VSAlertTests" */ = {
			isa = XCConfigurationList;
			buildConfigurations = (
				078C2782207D246800DF9D0C /* Debug */,
				078C2783207D246800DF9D0C /* Release */,
			);
			defaultConfigurationIsVisible = 0;
			defaultConfigurationName = Release;
		};
		07F00EDC1F8A96D9006FAC96 /* Build configuration list for PBXProject "VSAlert" */ = {
			isa = XCConfigurationList;
			buildConfigurations = (
				07F00EDD1F8A96D9006FAC96 /* Debug */,
				07F00EDE1F8A96D9006FAC96 /* Release */,
			);
			defaultConfigurationIsVisible = 0;
			defaultConfigurationName = Release;
		};
		07F00F051F8A972D006FAC96 /* Build configuration list for PBXNativeTarget "VSAlert" */ = {
			isa = XCConfigurationList;
			buildConfigurations = (
				07F00F061F8A972D006FAC96 /* Debug */,
				07F00F071F8A972D006FAC96 /* Release */,
			);
			defaultConfigurationIsVisible = 0;
			defaultConfigurationName = Release;
		};
		07FBE3F320D31BD500BE857B /* Build configuration list for PBXAggregateTarget "Documentation" */ = {
			isa = XCConfigurationList;
			buildConfigurations = (
				07FBE3F420D31BD500BE857B /* Debug */,
				07FBE3F520D31BD500BE857B /* Release */,
			);
			defaultConfigurationIsVisible = 0;
			defaultConfigurationName = Release;
		};
		07FF9E031F8FEE85002966A3 /* Build configuration list for PBXNativeTarget "VSAlert-Example" */ = {
			isa = XCConfigurationList;
			buildConfigurations = (
				07FF9E041F8FEE85002966A3 /* Debug */,
				07FF9E051F8FEE85002966A3 /* Release */,
			);
			defaultConfigurationIsVisible = 0;
			defaultConfigurationName = Release;
		};
/* End XCConfigurationList section */
	};
	rootObject = 07F00ED91F8A96D9006FAC96 /* Project object */;
}
